
Microsoft Visual Studio Solution File, Format Version 12.00
# Visual Studio Version 16
VisualStudioVersion = 16.0.29613.14
MinimumVisualStudioVersion = 10.0.40219.1
Project("{FAE04EC0-301F-11D3-BF4B-00C04F79EFBC}") = "Masterpiece.Web", "Masterpiece.Web\Masterpiece.Web.csproj", "{3E32F0E3-3C52-42C3-837F-67B0249669F4}"
EndProject
Project("{FAE04EC0-301F-11D3-BF4B-00C04F79EFBC}") = "Masterpiece.Tests", "Masterpiece.Tests\Masterpiece.Tests.csproj", "{B5941E17-1B62-4707-A158-D3BAE5D44456}"
EndProject
Project("{2150E333-8FDC-42A3-9474-1A3956D46DE8}") = "WebSite", "WebSite", "{0B30EB6D-0DFF-46A8-BBC9-CC4C229231A1}"
EndProject
Project("{2150E333-8FDC-42A3-9474-1A3956D46DE8}") = "Test", "Test", "{598B90C1-CD85-417F-AF76-C36CF9820E4C}"
EndProject
Project("{2150E333-8FDC-42A3-9474-1A3956D46DE8}") = "Domain", "Domain", "{F9F6C89B-9E7F-4301-BEED-1200398FEE3D}"
EndProject
Project("{2150E333-8FDC-42A3-9474-1A3956D46DE8}") = "Common", "Common", "{CA98BD8C-CD82-48B8-85E6-BDD949FADC0B}"
EndProject
Project("{FAE04EC0-301F-11D3-BF4B-00C04F79EFBC}") = "Masterpiece.Domain", "Masterpiece.Domain\Masterpiece.Domain.csproj", "{B3724DB9-855B-441C-9496-38BB89D38EBE}"
EndProject
Project("{FAE04EC0-301F-11D3-BF4B-00C04F79EFBC}") = "Masterpiece.Repository", "Masterpiece.Repository\Masterpiece.Repository.csproj", "{1356777C-0D2B-4245-B633-F681EC93447D}"
EndProject
Project("{FAE04EC0-301F-11D3-BF4B-00C04F79EFBC}") = "Masterpiece.Code", "Masterpiece.Code\Masterpiece.Code.csproj", "{C8037C69-2183-47EF-9E61-7C7C53A7530B}"
EndProject
Global
	GlobalSection(SolutionConfigurationPlatforms) = preSolution
		Debug|Any CPU = Debug|Any CPU
		Release|Any CPU = Release|Any CPU
	EndGlobalSection
	GlobalSection(ProjectConfigurationPlatforms) = postSolution
		{3E32F0E3-3C52-42C3-837F-67B0249669F4}.Debug|Any CPU.ActiveCfg = Debug|Any CPU
		{3E32F0E3-3C52-42C3-837F-67B0249669F4}.Debug|Any CPU.Build.0 = Debug|Any CPU
		{3E32F0E3-3C52-42C3-837F-67B0249669F4}.Release|Any CPU.ActiveCfg = Release|Any CPU
		{3E32F0E3-3C52-42C3-837F-67B0249669F4}.Release|Any CPU.Build.0 = Release|Any CPU
		{B5941E17-1B62-4707-A158-D3BAE5D44456}.Debug|Any CPU.ActiveCfg = Debug|Any CPU
		{B5941E17-1B62-4707-A158-D3BAE5D44456}.Debug|Any CPU.Build.0 = Debug|Any CPU
		{B5941E17-1B62-4707-A158-D3BAE5D44456}.Release|Any CPU.ActiveCfg = Release|Any CPU
		{B5941E17-1B62-4707-A158-D3BAE5D44456}.Release|Any CPU.Build.0 = Release|Any CPU
		{B3724DB9-855B-441C-9496-38BB89D38EBE}.Debug|Any CPU.ActiveCfg = Debug|Any CPU
		{B3724DB9-855B-441C-9496-38BB89D38EBE}.Debug|Any CPU.Build.0 = Debug|Any CPU
		{B3724DB9-855B-441C-9496-38BB89D38EBE}.Release|Any CPU.ActiveCfg = Release|Any CPU
		{B3724DB9-855B-441C-9496-38BB89D38EBE}.Release|Any CPU.Build.0 = Release|Any CPU
		{1356777C-0D2B-4245-B633-F681EC93447D}.Debug|Any CPU.ActiveCfg = Debug|Any CPU
		{1356777C-0D2B-4245-B633-F681EC93447D}.Debug|Any CPU.Build.0 = Debug|Any CPU
		{1356777C-0D2B-4245-B633-F681EC93447D}.Release|Any CPU.ActiveCfg = Release|Any CPU
		{1356777C-0D2B-4245-B633-F681EC93447D}.Release|Any CPU.Build.0 = Release|Any CPU
		{C8037C69-2183-47EF-9E61-7C7C53A7530B}.Debug|Any CPU.ActiveCfg = Debug|Any CPU
		{C8037C69-2183-47EF-9E61-7C7C53A7530B}.Debug|Any CPU.Build.0 = Debug|Any CPU
		{C8037C69-2183-47EF-9E61-7C7C53A7530B}.Release|Any CPU.ActiveCfg = Release|Any CPU
		{C8037C69-2183-47EF-9E61-7C7C53A7530B}.Release|Any CPU.Build.0 = Release|Any CPU
	EndGlobalSection
	GlobalSection(SolutionProperties) = preSolution
		HideSolutionNode = FALSE
	EndGlobalSection
	GlobalSection(NestedProjects) = preSolution
		{3E32F0E3-3C52-42C3-837F-67B0249669F4} = {0B30EB6D-0DFF-46A8-BBC9-CC4C229231A1}
		{B5941E17-1B62-4707-A158-D3BAE5D44456} = {598B90C1-CD85-417F-AF76-C36CF9820E4C}
		{B3724DB9-855B-441C-9496-38BB89D38EBE} = {F9F6C89B-9E7F-4301-BEED-1200398FEE3D}
		{1356777C-0D2B-4245-B633-F681EC93447D} = {F9F6C89B-9E7F-4301-BEED-1200398FEE3D}
		{C8037C69-2183-47EF-9E61-7C7C53A7530B} = {CA98BD8C-CD82-48B8-85E6-BDD949FADC0B}
	EndGlobalSection
	GlobalSection(ExtensibilityGlobals) = postSolution
		SolutionGuid = {3CA66709-DDD0-4F29-A413-C447C94F1C44}
	EndGlobalSection
EndGlobal
